
Microsoft Visual Studio Solution File, Format Version 12.00
# Visual Studio 15
VisualStudioVersion = 15.0.26430.12
MinimumVisualStudioVersion = 10.0.40219.1
Project("{FAE04EC0-301F-11D3-BF4B-00C04F79EFBC}") = "ReceitasDaHora.Android", "ReceitasDaHora\ReceitasDaHora.Android\ReceitasDaHora.Android.csproj", "{08B50C2F-1B76-4A1D-9407-739C1B650481}"
EndProject
Project("{FAE04EC0-301F-11D3-BF4B-00C04F79EFBC}") = "ReceitasDaHora", "ReceitasDaHora\ReceitasDaHora\ReceitasDaHora.csproj", "{0C2B45B0-D9E0-4252-84EE-AABE6D9FBA59}"
EndProject
Global
	GlobalSection(SolutionConfigurationPlatforms) = preSolution
		Ad-Hoc|Any CPU = Ad-Hoc|Any CPU
		Ad-Hoc|ARM = Ad-Hoc|ARM
		Ad-Hoc|iPhone = Ad-Hoc|iPhone
		Ad-Hoc|iPhoneSimulator = Ad-Hoc|iPhoneSimulator
		Ad-Hoc|x64 = Ad-Hoc|x64
		Ad-Hoc|x86 = Ad-Hoc|x86
		AppStore|Any CPU = AppStore|Any CPU
		AppStore|ARM = AppStore|ARM
		AppStore|iPhone = AppStore|iPhone
		AppStore|iPhoneSimulator = AppStore|iPhoneSimulator
		AppStore|x64 = AppStore|x64
		AppStore|x86 = AppStore|x86
		Debug|Any CPU = Debug|Any CPU
		Debug|ARM = Debug|ARM
		Debug|iPhone = Debug|iPhone
		Debug|iPhoneSimulator = Debug|iPhoneSimulator
		Debug|x64 = Debug|x64
		Debug|x86 = Debug|x86
		Release|Any CPU = Release|Any CPU
		Release|ARM = Release|ARM
		Release|iPhone = Release|iPhone
		Release|iPhoneSimulator = Release|iPhoneSimulator
		Release|x64 = Release|x64
		Release|x86 = Release|x86
	EndGlobalSection
	GlobalSection(ProjectConfigurationPlatforms) = postSolution
		{08B50C2F-1B76-4A1D-9407-739C1B650481}.Ad-Hoc|Any CPU.ActiveCfg = Release|Any CPU
		{08B50C2F-1B76-4A1D-9407-739C1B650481}.Ad-Hoc|Any CPU.Build.0 = Release|Any CPU
		{08B50C2F-1B76-4A1D-9407-739C1B650481}.Ad-Hoc|Any CPU.Deploy.0 = Release|Any CPU
		{08B50C2F-1B76-4A1D-9407-739C1B650481}.Ad-Hoc|ARM.ActiveCfg = Release|Any CPU
		{08B50C2F-1B76-4A1D-9407-739C1B650481}.Ad-Hoc|ARM.Build.0 = Release|Any CPU
		{08B50C2F-1B76-4A1D-9407-739C1B650481}.Ad-Hoc|ARM.Deploy.0 = Release|Any CPU
		{08B50C2F-1B76-4A1D-9407-739C1B650481}.Ad-Hoc|iPhone.ActiveCfg = Release|Any CPU
		{08B50C2F-1B76-4A1D-9407-739C1B650481}.Ad-Hoc|iPhone.Build.0 = Release|Any CPU
		{08B50C2F-1B76-4A1D-9407-739C1B650481}.Ad-Hoc|iPhone.Deploy.0 = Release|Any CPU
		{08B50C2F-1B76-4A1D-9407-739C1B650481}.Ad-Hoc|iPhoneSimulator.ActiveCfg = Release|Any CPU
		{08B50C2F-1B76-4A1D-9407-739C1B650481}.Ad-Hoc|iPhoneSimulator.Build.0 = Release|Any CPU
		{08B50C2F-1B76-4A1D-9407-739C1B650481}.Ad-Hoc|iPhoneSimulator.Deploy.0 = Release|Any CPU
		{08B50C2F-1B76-4A1D-9407-739C1B650481}.Ad-Hoc|x64.ActiveCfg = Release|Any CPU
		{08B50C2F-1B76-4A1D-9407-739C1B650481}.Ad-Hoc|x64.Build.0 = Release|Any CPU
		{08B50C2F-1B76-4A1D-9407-739C1B650481}.Ad-Hoc|x64.Deploy.0 = Release|Any CPU
		{08B50C2F-1B76-4A1D-9407-739C1B650481}.Ad-Hoc|x86.ActiveCfg = Release|Any CPU
		{08B50C2F-1B76-4A1D-9407-739C1B650481}.Ad-Hoc|x86.Build.0 = Release|Any CPU
		{08B50C2F-1B76-4A1D-9407-739C1B650481}.Ad-Hoc|x86.Deploy.0 = Release|Any CPU
		{08B50C2F-1B76-4A1D-9407-739C1B650481}.AppStore|Any CPU.ActiveCfg = Release|Any CPU
		{08B50C2F-1B76-4A1D-9407-739C1B650481}.AppStore|Any CPU.Build.0 = Release|Any CPU
		{08B50C2F-1B76-4A1D-9407-739C1B650481}.AppStore|Any CPU.Deploy.0 = Release|Any CPU
		{08B50C2F-1B76-4A1D-9407-739C1B650481}.AppStore|ARM.ActiveCfg = Release|Any CPU
		{08B50C2F-1B76-4A1D-9407-739C1B650481}.AppStore|ARM.Build.0 = Release|Any CPU
		{08B50C2F-1B76-4A1D-9407-739C1B650481}.AppStore|ARM.Deploy.0 = Release|Any CPU
		{08B50C2F-1B76-4A1D-9407-739C1B650481}.AppStore|iPhone.ActiveCfg = Release|Any CPU
		{08B50C2F-1B76-4A1D-9407-739C1B650481}.AppStore|iPhone.Build.0 = Release|Any CPU
		{08B50C2F-1B76-4A1D-9407-739C1B650481}.AppStore|iPhone.Deploy.0 = Release|Any CPU
		{08B50C2F-1B76-4A1D-9407-739C1B650481}.AppStore|iPhoneSimulator.ActiveCfg = Release|Any CPU
		{08B50C2F-1B76-4A1D-9407-739C1B650481}.AppStore|iPhoneSimulator.Build.0 = Release|Any CPU
		{08B50C2F-1B76-4A1D-9407-739C1B650481}.AppStore|iPhoneSimulator.Deploy.0 = Release|Any CPU
		{08B50C2F-1B76-4A1D-9407-739C1B650481}.AppStore|x64.ActiveCfg = Release|Any CPU
		{08B50C2F-1B76-4A1D-9407-739C1B650481}.AppStore|x64.Build.0 = Release|Any CPU
		{08B50C2F-1B76-4A1D-9407-739C1B650481}.AppStore|x64.Deploy.0 = Release|Any CPU
		{08B50C2F-1B76-4A1D-9407-739C1B650481}.AppStore|x86.ActiveCfg = Release|Any CPU
		{08B50C2F-1B76-4A1D-9407-739C1B650481}.AppStore|x86.Build.0 = Release|Any CPU
		{08B50C2F-1B76-4A1D-9407-739C1B650481}.AppStore|x86.Deploy.0 = Release|Any CPU
		{08B50C2F-1B76-4A1D-9407-739C1B650481}.Debug|Any CPU.ActiveCfg = Debug|Any CPU
		{08B50C2F-1B76-4A1D-9407-739C1B650481}.Debug|Any CPU.Build.0 = Debug|Any CPU
		{08B50C2F-1B76-4A1D-9407-739C1B650481}.Debug|Any CPU.Deploy.0 = Debug|Any CPU
		{08B50C2F-1B76-4A1D-9407-739C1B650481}.Debug|ARM.ActiveCfg = Debug|Any CPU
		{08B50C2F-1B76-4A1D-9407-739C1B650481}.Debug|ARM.Build.0 = Debug|Any CPU
		{08B50C2F-1B76-4A1D-9407-739C1B650481}.Debug|ARM.Deploy.0 = Debug|Any CPU
		{08B50C2F-1B76-4A1D-9407-739C1B650481}.Debug|iPhone.ActiveCfg = Debug|Any CPU
		{08B50C2F-1B76-4A1D-9407-739C1B650481}.Debug|iPhone.Build.0 = Debug|Any CPU
		{08B50C2F-1B76-4A1D-9407-739C1B650481}.Debug|iPhone.Deploy.0 = Debug|Any CPU
		{08B50C2F-1B76-4A1D-9407-739C1B650481}.Debug|iPhoneSimulator.ActiveCfg = Debug|Any CPU
		{08B50C2F-1B76-4A1D-9407-739C1B650481}.Debug|iPhoneSimulator.Build.0 = Debug|Any CPU
		{08B50C2F-1B76-4A1D-9407-739C1B650481}.Debug|iPhoneSimulator.Deploy.0 = Debug|Any CPU
		{08B50C2F-1B76-4A1D-9407-739C1B650481}.Debug|x64.ActiveCfg = Debug|Any CPU
		{08B50C2F-1B76-4A1D-9407-739C1B650481}.Debug|x64.Build.0 = Debug|Any CPU
		{08B50C2F-1B76-4A1D-9407-739C1B650481}.Debug|x64.Deploy.0 = Debug|Any CPU
		{08B50C2F-1B76-4A1D-9407-739C1B650481}.Debug|x86.ActiveCfg = Debug|Any CPU
		{08B50C2F-1B76-4A1D-9407-739C1B650481}.Debug|x86.Build.0 = Debug|Any CPU
		{08B50C2F-1B76-4A1D-9407-739C1B650481}.Debug|x86.Deploy.0 = Debug|Any CPU
		{08B50C2F-1B76-4A1D-9407-739C1B650481}.Release|Any CPU.ActiveCfg = Release|Any CPU
		{08B50C2F-1B76-4A1D-9407-739C1B650481}.Release|Any CPU.Build.0 = Release|Any CPU
		{08B50C2F-1B76-4A1D-9407-739C1B650481}.Release|Any CPU.Deploy.0 = Release|Any CPU
		{08B50C2F-1B76-4A1D-9407-739C1B650481}.Release|ARM.ActiveCfg = Release|Any CPU
		{08B50C2F-1B76-4A1D-9407-739C1B650481}.Release|ARM.Build.0 = Release|Any CPU
		{08B50C2F-1B76-4A1D-9407-739C1B650481}.Release|ARM.Deploy.0 = Release|Any CPU
		{08B50C2F-1B76-4A1D-9407-739C1B650481}.Release|iPhone.ActiveCfg = Release|Any CPU
		{08B50C2F-1B76-4A1D-9407-739C1B650481}.Release|iPhone.Build.0 = Release|Any CPU
		{08B50C2F-1B76-4A1D-9407-739C1B650481}.Release|iPhone.Deploy.0 = Release|Any CPU
		{08B50C2F-1B76-4A1D-9407-739C1B650481}.Release|iPhoneSimulator.ActiveCfg = Release|Any CPU
		{08B50C2F-1B76-4A1D-9407-739C1B650481}.Release|iPhoneSimulator.Build.0 = Release|Any CPU
		{08B50C2F-1B76-4A1D-9407-739C1B650481}.Release|iPhoneSimulator.Deploy.0 = Release|Any CPU
		{08B50C2F-1B76-4A1D-9407-739C1B650481}.Release|x64.ActiveCfg = Release|Any CPU
		{08B50C2F-1B76-4A1D-9407-739C1B650481}.Release|x64.Build.0 = Release|Any CPU
		{08B50C2F-1B76-4A1D-9407-739C1B650481}.Release|x64.Deploy.0 = Release|Any CPU
		{08B50C2F-1B76-4A1D-9407-739C1B650481}.Release|x86.ActiveCfg = Release|Any CPU
		{08B50C2F-1B76-4A1D-9407-739C1B650481}.Release|x86.Build.0 = Release|Any CPU
		{08B50C2F-1B76-4A1D-9407-739C1B650481}.Release|x86.Deploy.0 = Release|Any CPU
		{0C2B45B0-D9E0-4252-84EE-AABE6D9FBA59}.Ad-Hoc|Any CPU.ActiveCfg = Release|Any CPU
		{0C2B45B0-D9E0-4252-84EE-AABE6D9FBA59}.Ad-Hoc|Any CPU.Build.0 = Release|Any CPU
		{0C2B45B0-D9E0-4252-84EE-AABE6D9FBA59}.Ad-Hoc|ARM.ActiveCfg = Release|Any CPU
		{0C2B45B0-D9E0-4252-84EE-AABE6D9FBA59}.Ad-Hoc|ARM.Build.0 = Release|Any CPU
		{0C2B45B0-D9E0-4252-84EE-AABE6D9FBA59}.Ad-Hoc|iPhone.ActiveCfg = Release|Any CPU
		{0C2B45B0-D9E0-4252-84EE-AABE6D9FBA59}.Ad-Hoc|iPhone.Build.0 = Release|Any CPU
		{0C2B45B0-D9E0-4252-84EE-AABE6D9FBA59}.Ad-Hoc|iPhoneSimulator.ActiveCfg = Release|Any CPU
		{0C2B45B0-D9E0-4252-84EE-AABE6D9FBA59}.Ad-Hoc|iPhoneSimulator.Build.0 = Release|Any CPU
		{0C2B45B0-D9E0-4252-84EE-AABE6D9FBA59}.Ad-Hoc|x64.ActiveCfg = Release|Any CPU
		{0C2B45B0-D9E0-4252-84EE-AABE6D9FBA59}.Ad-Hoc|x64.Build.0 = Release|Any CPU
		{0C2B45B0-D9E0-4252-84EE-AABE6D9FBA59}.Ad-Hoc|x86.ActiveCfg = Release|Any CPU
		{0C2B45B0-D9E0-4252-84EE-AABE6D9FBA59}.Ad-Hoc|x86.Build.0 = Release|Any CPU
		{0C2B45B0-D9E0-4252-84EE-AABE6D9FBA59}.AppStore|Any CPU.ActiveCfg = Release|Any CPU
		{0C2B45B0-D9E0-4252-84EE-AABE6D9FBA59}.AppStore|Any CPU.Build.0 = Release|Any CPU
		{0C2B45B0-D9E0-4252-84EE-AABE6D9FBA59}.AppStore|ARM.ActiveCfg = Release|Any CPU
		{0C2B45B0-D9E0-4252-84EE-AABE6D9FBA59}.AppStore|ARM.Build.0 = Release|Any CPU
		{0C2B45B0-D9E0-4252-84EE-AABE6D9FBA59}.AppStore|iPhone.ActiveCfg = Release|Any CPU
		{0C2B45B0-D9E0-4252-84EE-AABE6D9FBA59}.AppStore|iPhone.Build.0 = Release|Any CPU
		{0C2B45B0-D9E0-4252-84EE-AABE6D9FBA59}.AppStore|iPhoneSimulator.ActiveCfg = Release|Any CPU
		{0C2B45B0-D9E0-4252-84EE-AABE6D9FBA59}.AppStore|iPhoneSimulator.Build.0 = Release|Any CPU
		{0C2B45B0-D9E0-4252-84EE-AABE6D9FBA59}.AppStore|x64.ActiveCfg = Release|Any CPU
		{0C2B45B0-D9E0-4252-84EE-AABE6D9FBA59}.AppStore|x64.Build.0 = Release|Any CPU
		{0C2B45B0-D9E0-4252-84EE-AABE6D9FBA59}.AppStore|x86.ActiveCfg = Release|Any CPU
		{0C2B45B0-D9E0-4252-84EE-AABE6D9FBA59}.AppStore|x86.Build.0 = Release|Any CPU
		{0C2B45B0-D9E0-4252-84EE-AABE6D9FBA59}.Debug|Any CPU.ActiveCfg = Debug|Any CPU
		{0C2B45B0-D9E0-4252-84EE-AABE6D9FBA59}.Debug|Any CPU.Build.0 = Debug|Any CPU
		{0C2B45B0-D9E0-4252-84EE-AABE6D9FBA59}.Debug|ARM.ActiveCfg = Debug|Any CPU
		{0C2B45B0-D9E0-4252-84EE-AABE6D9FBA59}.Debug|ARM.Build.0 = Debug|Any CPU
		{0C2B45B0-D9E0-4252-84EE-AABE6D9FBA59}.Debug|iPhone.ActiveCfg = Debug|Any CPU
		{0C2B45B0-D9E0-4252-84EE-AABE6D9FBA59}.Debug|iPhone.Build.0 = Debug|Any CPU
		{0C2B45B0-D9E0-4252-84EE-AABE6D9FBA59}.Debug|iPhoneSimulator.ActiveCfg = Debug|Any CPU
		{0C2B45B0-D9E0-4252-84EE-AABE6D9FBA59}.Debug|iPhoneSimulator.Build.0 = Debug|Any CPU
		{0C2B45B0-D9E0-4252-84EE-AABE6D9FBA59}.Debug|x64.ActiveCfg = Debug|Any CPU
		{0C2B45B0-D9E0-4252-84EE-AABE6D9FBA59}.Debug|x64.Build.0 = Debug|Any CPU
		{0C2B45B0-D9E0-4252-84EE-AABE6D9FBA59}.Debug|x86.ActiveCfg = Debug|Any CPU
		{0C2B45B0-D9E0-4252-84EE-AABE6D9FBA59}.Debug|x86.Build.0 = Debug|Any CPU
		{0C2B45B0-D9E0-4252-84EE-AABE6D9FBA59}.Release|Any CPU.ActiveCfg = Release|Any CPU
		{0C2B45B0-D9E0-4252-84EE-AABE6D9FBA59}.Release|Any CPU.Build.0 = Release|Any CPU
		{0C2B45B0-D9E0-4252-84EE-AABE6D9FBA59}.Release|ARM.ActiveCfg = Release|Any CPU
		{0C2B45B0-D9E0-4252-84EE-AABE6D9FBA59}.Release|ARM.Build.0 = Release|Any CPU
		{0C2B45B0-D9E0-4252-84EE-AABE6D9FBA59}.Release|iPhone.ActiveCfg = Release|Any CPU
		{0C2B45B0-D9E0-4252-84EE-AABE6D9FBA59}.Release|iPhone.Build.0 = Release|Any CPU
		{0C2B45B0-D9E0-4252-84EE-AABE6D9FBA59}.Release|iPhoneSimulator.ActiveCfg = Release|Any CPU
		{0C2B45B0-D9E0-4252-84EE-AABE6D9FBA59}.Release|iPhoneSimulator.Build.0 = Release|Any CPU
		{0C2B45B0-D9E0-4252-84EE-AABE6D9FBA59}.Release|x64.ActiveCfg = Release|Any CPU
		{0C2B45B0-D9E0-4252-84EE-AABE6D9FBA59}.Release|x64.Build.0 = Release|Any CPU
		{0C2B45B0-D9E0-4252-84EE-AABE6D9FBA59}.Release|x86.ActiveCfg = Release|Any CPU
		{0C2B45B0-D9E0-4252-84EE-AABE6D9FBA59}.Release|x86.Build.0 = Release|Any CPU
	EndGlobalSection
	GlobalSection(SolutionProperties) = preSolution
		HideSolutionNode = FALSE
	EndGlobalSection
EndGlobal
